
Microsoft Visual Studio Solution File, Format Version 12.00
# Visual Studio 15
VisualStudioVersion = 15.0.27703.2000
MinimumVisualStudioVersion = 10.0.40219.1
Project("{FAE04EC0-301F-11D3-BF4B-00C04F79EFBC}") = "Sabrina", "Sabrina.csproj", "{D3ABE589-C438-4FB0-81B7-63759E97F262}"
	ProjectSection(ProjectDependencies) = postProject
		{EB1ADC60-2138-4B18-9DAB-D9E149ED6DF2} = {EB1ADC60-2138-4B18-9DAB-D9E149ED6DF2}
		{7CF602CC-4FEE-4EE3-BD6E-3B7DECBC59E8} = {7CF602CC-4FEE-4EE3-BD6E-3B7DECBC59E8}
	EndProjectSection
EndProject
Project("{FAE04EC0-301F-11D3-BF4B-00C04F79EFBC}") = "TableObjects", "..\TableObjects\TableObjects.csproj", "{EB1ADC60-2138-4B18-9DAB-D9E149ED6DF2}"
	ProjectSection(ProjectDependencies) = postProject
		{7CF602CC-4FEE-4EE3-BD6E-3B7DECBC59E8} = {7CF602CC-4FEE-4EE3-BD6E-3B7DECBC59E8}
	EndProjectSection
EndProject
Project("{FAE04EC0-301F-11D3-BF4B-00C04F79EFBC}") = "Configuration", "Configuration\Configuration.csproj", "{7CF602CC-4FEE-4EE3-BD6E-3B7DECBC59E8}"
EndProject
Global
	GlobalSection(SolutionConfigurationPlatforms) = preSolution
		Debug|Any CPU = Debug|Any CPU
		Debug|x64 = Debug|x64
		Debug|x86 = Debug|x86
		Release|Any CPU = Release|Any CPU
		Release|x64 = Release|x64
		Release|x86 = Release|x86
	EndGlobalSection
	GlobalSection(ProjectConfigurationPlatforms) = postSolution
		{D3ABE589-C438-4FB0-81B7-63759E97F262}.Debug|Any CPU.ActiveCfg = Debug|x64
		{D3ABE589-C438-4FB0-81B7-63759E97F262}.Debug|Any CPU.Build.0 = Debug|x64
		{D3ABE589-C438-4FB0-81B7-63759E97F262}.Debug|x64.ActiveCfg = Debug|x64
		{D3ABE589-C438-4FB0-81B7-63759E97F262}.Debug|x64.Build.0 = Debug|x64
		{D3ABE589-C438-4FB0-81B7-63759E97F262}.Debug|x86.ActiveCfg = Debug|x86
		{D3ABE589-C438-4FB0-81B7-63759E97F262}.Debug|x86.Build.0 = Debug|x86
		{D3ABE589-C438-4FB0-81B7-63759E97F262}.Release|Any CPU.ActiveCfg = Release|Any CPU
		{D3ABE589-C438-4FB0-81B7-63759E97F262}.Release|Any CPU.Build.0 = Release|Any CPU
		{D3ABE589-C438-4FB0-81B7-63759E97F262}.Release|x64.ActiveCfg = Release|x64
		{D3ABE589-C438-4FB0-81B7-63759E97F262}.Release|x64.Build.0 = Release|x64
		{D3ABE589-C438-4FB0-81B7-63759E97F262}.Release|x86.ActiveCfg = Release|x86
		{D3ABE589-C438-4FB0-81B7-63759E97F262}.Release|x86.Build.0 = Release|x86
		{EB1ADC60-2138-4B18-9DAB-D9E149ED6DF2}.Debug|Any CPU.ActiveCfg = Debug|Any CPU
		{EB1ADC60-2138-4B18-9DAB-D9E149ED6DF2}.Debug|Any CPU.Build.0 = Debug|Any CPU
		{EB1ADC60-2138-4B18-9DAB-D9E149ED6DF2}.Debug|x64.ActiveCfg = Debug|Any CPU
		{EB1ADC60-2138-4B18-9DAB-D9E149ED6DF2}.Debug|x64.Build.0 = Debug|Any CPU
		{EB1ADC60-2138-4B18-9DAB-D9E149ED6DF2}.Debug|x86.ActiveCfg = Debug|Any CPU
		{EB1ADC60-2138-4B18-9DAB-D9E149ED6DF2}.Debug|x86.Build.0 = Debug|Any CPU
		{EB1ADC60-2138-4B18-9DAB-D9E149ED6DF2}.Release|Any CPU.ActiveCfg = Release|Any CPU
		{EB1ADC60-2138-4B18-9DAB-D9E149ED6DF2}.Release|Any CPU.Build.0 = Release|Any CPU
		{EB1ADC60-2138-4B18-9DAB-D9E149ED6DF2}.Release|x64.ActiveCfg = Release|Any CPU
		{EB1ADC60-2138-4B18-9DAB-D9E149ED6DF2}.Release|x64.Build.0 = Release|Any CPU
		{EB1ADC60-2138-4B18-9DAB-D9E149ED6DF2}.Release|x86.ActiveCfg = Release|Any CPU
		{EB1ADC60-2138-4B18-9DAB-D9E149ED6DF2}.Release|x86.Build.0 = Release|Any CPU
		{7CF602CC-4FEE-4EE3-BD6E-3B7DECBC59E8}.Debug|Any CPU.ActiveCfg = Debug|Any CPU
		{7CF602CC-4FEE-4EE3-BD6E-3B7DECBC59E8}.Debug|Any CPU.Build.0 = Debug|Any CPU
		{7CF602CC-4FEE-4EE3-BD6E-3B7DECBC59E8}.Debug|x64.ActiveCfg = Debug|Any CPU
		{7CF602CC-4FEE-4EE3-BD6E-3B7DECBC59E8}.Debug|x64.Build.0 = Debug|Any CPU
		{7CF602CC-4FEE-4EE3-BD6E-3B7DECBC59E8}.Debug|x86.ActiveCfg = Debug|Any CPU
		{7CF602CC-4FEE-4EE3-BD6E-3B7DECBC59E8}.Debug|x86.Build.0 = Debug|Any CPU
		{7CF602CC-4FEE-4EE3-BD6E-3B7DECBC59E8}.Release|Any CPU.ActiveCfg = Release|Any CPU
		{7CF602CC-4FEE-4EE3-BD6E-3B7DECBC59E8}.Release|Any CPU.Build.0 = Release|Any CPU
		{7CF602CC-4FEE-4EE3-BD6E-3B7DECBC59E8}.Release|x64.ActiveCfg = Release|Any CPU
		{7CF602CC-4FEE-4EE3-BD6E-3B7DECBC59E8}.Release|x64.Build.0 = Release|Any CPU
		{7CF602CC-4FEE-4EE3-BD6E-3B7DECBC59E8}.Release|x86.ActiveCfg = Release|Any CPU
		{7CF602CC-4FEE-4EE3-BD6E-3B7DECBC59E8}.Release|x86.Build.0 = Release|Any CPU
	EndGlobalSection
	GlobalSection(SolutionProperties) = preSolution
		HideSolutionNode = FALSE
	EndGlobalSection
	GlobalSection(ExtensibilityGlobals) = postSolution
		SolutionGuid = {72FB1E8D-5A0F-49E0-A311-48F6058D1F6A}
	EndGlobalSection
EndGlobal
